{
  "name": "emailsender",
  "version": "1.0.0",
  "lockfileVersion": 3,
  "requires": true,
  "packages": {
    "": {
      "name": "emailsender",
      "version": "1.0.0",
      "license": "ISC",
      "dependencies": {
        "nodemailer": "^6.9.16"
      }
    },
    "node_modules/nodemailer": {
      "version": "6.9.16",
      "resolved": "https://registry.npmjs.org/nodemailer/-/nodemailer-6.9.16.tgz",
      "integrity": "sha512-psAuZdTIRN08HKVd/E8ObdV6NO7NTBY3KsC30F7M4H1OnmLCUNaS56FpYxyb26zWLSyYF9Ozch9KYHhHegsiOQ==",
      "license": "MIT-0",
      "engines": {
        "node": ">=6.0.0"
      }
    }
  }
}
